
Microsoft Visual Studio Solution File, Format Version 12.00
# Visual Studio 14
VisualStudioVersion = 14.0.23107.0
MinimumVisualStudioVersion = 10.0.40219.1
Project("{FAE04EC0-301F-11D3-BF4B-00C04F79EFBC}") = "QuickTest", "QuickTest\QuickTest.csproj", "{E0CEF331-C0D7-4813-8305-AEC16E56DC83}"
EndProject
Project("{FAE04EC0-301F-11D3-BF4B-00C04F79EFBC}") = "QuickTest.Runner", "QuickTest.Runner\QuickTest.Runner.csproj", "{59E971B1-0EC3-414B-8182-55B82564F346}"
EndProject
Global
	GlobalSection(SolutionConfigurationPlatforms) = preSolution
		Debug|Any CPU = Debug|Any CPU
		Release|Any CPU = Release|Any CPU
	EndGlobalSection
	GlobalSection(ProjectConfigurationPlatforms) = postSolution
		{E0CEF331-C0D7-4813-8305-AEC16E56DC83}.Debug|Any CPU.ActiveCfg = Debug|Any CPU
		{E0CEF331-C0D7-4813-8305-AEC16E56DC83}.Debug|Any CPU.Build.0 = Debug|Any CPU
		{E0CEF331-C0D7-4813-8305-AEC16E56DC83}.Release|Any CPU.ActiveCfg = Release|Any CPU
		{E0CEF331-C0D7-4813-8305-AEC16E56DC83}.Release|Any CPU.Build.0 = Release|Any CPU
		{59E971B1-0EC3-414B-8182-55B82564F346}.Debug|Any CPU.ActiveCfg = Debug|Any CPU
		{59E971B1-0EC3-414B-8182-55B82564F346}.Debug|Any CPU.Build.0 = Debug|Any CPU
		{59E971B1-0EC3-414B-8182-55B82564F346}.Release|Any CPU.ActiveCfg = Release|Any CPU
		{59E971B1-0EC3-414B-8182-55B82564F346}.Release|Any CPU.Build.0 = Release|Any CPU
	EndGlobalSection
	GlobalSection(SolutionProperties) = preSolution
		HideSolutionNode = FALSE
	EndGlobalSection
EndGlobal
